// !$*UTF8*$!
{
	archiveVersion = 1;
	classes = {
	};
	objectVersion = 46;
	objects = {

/* Begin PBXBuildFile section */
		18AD93331AA197DB0003A92F /* main.m in Sources */ = {isa = PBXBuildFile; fileRef = 18AD93321AA197DB0003A92F /* main.m */; };
		18AD93361AA197DB0003A92F /* AppDelegate.m in Sources */ = {isa = PBXBuildFile; fileRef = 18AD93351AA197DB0003A92F /* AppDelegate.m */; };
		18AD93391AA197DB0003A92F /* FirstViewController.m in Sources */ = {isa = PBXBuildFile; fileRef = 18AD93381AA197DB0003A92F /* FirstViewController.m */; };
		18AD933C1AA197DB0003A92F /* SecondViewController.m in Sources */ = {isa = PBXBuildFile; fileRef = 18AD933B1AA197DB0003A92F /* SecondViewController.m */; };
		18AD933F1AA197DB0003A92F /* Main.storyboard in Resources */ = {isa = PBXBuildFile; fileRef = 18AD933D1AA197DB0003A92F /* Main.storyboard */; };
		18AD93411AA197DB0003A92F /* Images.xcassets in Resources */ = {isa = PBXBuildFile; fileRef = 18AD93401AA197DB0003A92F /* Images.xcassets */; };
		18AD93441AA197DB0003A92F /* LaunchScreen.xib in Resources */ = {isa = PBXBuildFile; fileRef = 18AD93421AA197DB0003A92F /* LaunchScreen.xib */; };
		18AD93501AA197DB0003A92F /* TRtw2Tests.m in Sources */ = {isa = PBXBuildFile; fileRef = 18AD934F1AA197DB0003A92F /* TRtw2Tests.m */; };
/* End PBXBuildFile section */

/* Begin PBXContainerItemProxy section */
		18AD934A1AA197DB0003A92F /* PBXContainerItemProxy */ = {
			isa = PBXContainerItemProxy;
			containerPortal = 18AD93251AA197DB0003A92F /* Project object */;
			proxyType = 1;
			remoteGlobalIDString = 18AD932C1AA197DB0003A92F;
			remoteInfo = TRtw2;
		};
/* End PBXContainerItemProxy section */

/* Begin PBXFileReference section */
		18AD932D1AA197DB0003A92F /* TRtw2.app */ = {isa = PBXFileReference; explicitFileType = wrapper.application; includeInIndex = 0; path = TRtw2.app; sourceTree = BUILT_PRODUCTS_DIR; };
		18AD93311AA197DB0003A92F /* Info.plist */ = {isa = PBXFileReference; lastKnownFileType = text.plist.xml; path = Info.plist; sourceTree = "<group>"; };
		18AD93321AA197DB0003A92F /* main.m */ = {isa = PBXFileReference; lastKnownFileType = sourcecode.c.objc; path = main.m; sourceTree = "<group>"; };
		18AD93341AA197DB0003A92F /* AppDelegate.h */ = {isa = PBXFileReference; lastKnownFileType = sourcecode.c.h; path = AppDelegate.h; sourceTree = "<group>"; };
		18AD93351AA197DB0003A92F /* AppDelegate.m */ = {isa = PBXFileReference; lastKnownFileType = sourcecode.c.objc; path = AppDelegate.m; sourceTree = "<group>"; };
		18AD93371AA197DB0003A92F /* FirstViewController.h */ = {isa = PBXFileReference; lastKnownFileType = sourcecode.c.h; path = FirstViewController.h; sourceTree = "<group>"; };
		18AD93381AA197DB0003A92F /* FirstViewController.m */ = {isa = PBXFileReference; lastKnownFileType = sourcecode.c.objc; path = FirstViewController.m; sourceTree = "<group>"; };
		18AD933A1AA197DB0003A92F /* SecondViewController.h */ = {isa = PBXFileReference; lastKnownFileType = sourcecode.c.h; path = SecondViewController.h; sourceTree = "<group>"; };
		18AD933B1AA197DB0003A92F /* SecondViewController.m */ = {isa = PBXFileReference; lastKnownFileType = sourcecode.c.objc; path = SecondViewController.m; sourceTree = "<group>"; };
		18AD933E1AA197DB0003A92F /* Base */ = {isa = PBXFileReference; lastKnownFileType = file.storyboard; name = Base; path = Base.lproj/Main.storyboard; sourceTree = "<group>"; };
		18AD93401AA197DB0003A92F /* Images.xcassets */ = {isa = PBXFileReference; lastKnownFileType = folder.assetcatalog; path = Images.xcassets; sourceTree = "<group>"; };
		18AD93431AA197DB0003A92F /* Base */ = {isa = PBXFileReference; lastKnownFileType = file.xib; name = Base; path = Base.lproj/LaunchScreen.xib; sourceTree = "<group>"; };
		18AD93491AA197DB0003A92F /* TRtw2Tests.xctest */ = {isa = PBXFileReference; explicitFileType = wrapper.cfbundle; includeInIndex = 0; path = TRtw2Tests.xctest; sourceTree = BUILT_PRODUCTS_DIR; };
		18AD934E1AA197DB0003A92F /* Info.plist */ = {isa = PBXFileReference; lastKnownFileType = text.plist.xml; path = Info.plist; sourceTree = "<group>"; };
		18AD934F1AA197DB0003A92F /* TRtw2Tests.m */ = {isa = PBXFileReference; lastKnownFileType = sourcecode.c.objc; path = TRtw2Tests.m; sourceTree = "<group>"; };
/* End PBXFileReference section */

/* Begin PBXFrameworksBuildPhase section */
		18AD932A1AA197DB0003A92F /* Frameworks */ = {
			isa = PBXFrameworksBuildPhase;
			buildActionMask = 2147483647;
			files = (
			);
			runOnlyForDeploymentPostprocessing = 0;
		};
		18AD93461AA197DB0003A92F /* Frameworks */ = {
			isa = PBXFrameworksBuildPhase;
			buildActionMask = 2147483647;
			files = (
			);
			runOnlyForDeploymentPostprocessing = 0;
		};
/* End PBXFrameworksBuildPhase section */

/* Begin PBXGroup section */
		18AD93241AA197DB0003A92F = {
			isa = PBXGroup;
			children = (
				18AD932F1AA197DB0003A92F /* TRtw2 */,
				18AD934C1AA197DB0003A92F /* TRtw2Tests */,
				18AD932E1AA197DB0003A92F /* Products */,
			);
			sourceTree = "<group>";
		};
		18AD932E1AA197DB0003A92F /* Products */ = {
			isa = PBXGroup;
			children = (
				18AD932D1AA197DB0003A92F /* TRtw2.app */,
				18AD93491AA197DB0003A92F /* TRtw2Tests.xctest */,
			);
			name = Products;
			sourceTree = "<group>";
		};
		18AD932F1AA197DB0003A92F /* TRtw2 */ = {
			isa = PBXGroup;
			children = (
				18AD93341AA197DB0003A92F /* AppDelegate.h */,
				18AD93351AA197DB0003A92F /* AppDelegate.m */,
				18AD93371AA197DB0003A92F /* FirstViewController.h */,
				18AD93381AA197DB0003A92F /* FirstViewController.m */,
				18AD933A1AA197DB0003A92F /* SecondViewController.h */,
				18AD933B1AA197DB0003A92F /* SecondViewController.m */,
				18AD933D1AA197DB0003A92F /* Main.storyboard */,
				18AD93401AA197DB0003A92F /* Images.xcassets */,
				18AD93421AA197DB0003A92F /* LaunchScreen.xib */,
				18AD93301AA197DB0003A92F /* Supporting Files */,
			);
			path = TRtw2;
			sourceTree = "<group>";
		};
		18AD93301AA197DB0003A92F /* Supporting Files */ = {
			isa = PBXGroup;
			children = (
				18AD93311AA197DB0003A92F /* Info.plist */,
				18AD93321AA197DB0003A92F /* main.m */,
			);
			name = "Supporting Files";
			sourceTree = "<group>";
		};
		18AD934C1AA197DB0003A92F /* TRtw2Tests */ = {
			isa = PBXGroup;
			children = (
				18AD934F1AA197DB0003A92F /* TRtw2Tests.m */,
				18AD934D1AA197DB0003A92F /* Supporting Files */,
			);
			path = TRtw2Tests;
			sourceTree = "<group>";
		};
		18AD934D1AA197DB0003A92F /* Supporting Files */ = {
			isa = PBXGroup;
			children = (
				18AD934E1AA197DB0003A92F /* Info.plist */,
			);
			name = "Supporting Files";
			sourceTree = "<group>";
		};
/* End PBXGroup section */

/* Begin PBXNativeTarget section */
		18AD932C1AA197DB0003A92F /* TRtw2 */ = {
			isa = PBXNativeTarget;
			buildConfigurationList = 18AD93531AA197DB0003A92F /* Build configuration list for PBXNativeTarget "TRtw2" */;
			buildPhases = (
				18AD93291AA197DB0003A92F /* Sources */,
				18AD932A1AA197DB0003A92F /* Frameworks */,
				18AD932B1AA197DB0003A92F /* Resources */,
			);
			buildRules = (
			);
			dependencies = (
			);
			name = TRtw2;
			productName = TRtw2;
			productReference = 18AD932D1AA197DB0003A92F /* TRtw2.app */;
			productType = "com.apple.product-type.application";
		};
		18AD93481AA197DB0003A92F /* TRtw2Tests */ = {
			isa = PBXNativeTarget;
			buildConfigurationList = 18AD93561AA197DB0003A92F /* Build configuration list for PBXNativeTarget "TRtw2Tests" */;
			buildPhases = (
				18AD93451AA197DB0003A92F /* Sources */,
				18AD93461AA197DB0003A92F /* Frameworks */,
				18AD93471AA197DB0003A92F /* Resources */,
			);
			buildRules = (
			);
			dependencies = (
				18AD934B1AA197DB0003A92F /* PBXTargetDependency */,
			);
			name = TRtw2Tests;
			productName = TRtw2Tests;
			productReference = 18AD93491AA197DB0003A92F /* TRtw2Tests.xctest */;
			productType = "com.apple.product-type.bundle.unit-test";
		};
/* End PBXNativeTarget section */

/* Begin PBXProject section */
		18AD93251AA197DB0003A92F /* Project object */ = {
			isa = PBXProject;
			attributes = {
				LastUpgradeCheck = 0610;
				ORGANIZATIONNAME = zhaoyou;
				TargetAttributes = {
					18AD932C1AA197DB0003A92F = {
						CreatedOnToolsVersion = 6.1.1;
					};
					18AD93481AA197DB0003A92F = {
						CreatedOnToolsVersion = 6.1.1;
						TestTargetID = 18AD932C1AA197DB0003A92F;
					};
				};
			};
			buildConfigurationList = 18AD93281AA197DB0003A92F /* Build configuration list for PBXProject "TRtw2" */;
			compatibilityVersion = "Xcode 3.2";
			developmentRegion = English;
			hasScannedForEncodings = 0;
			knownRegions = (
				en,
				Base,
			);
			mainGroup = 18AD93241AA197DB0003A92F;
			productRefGroup = 18AD932E1AA197DB0003A92F /* Products */;
			projectDirPath = "";
			projectRoot = "";
			targets = (
				18AD932C1AA197DB0003A92F /* TRtw2 */,
				18AD93481AA197DB0003A92F /* TRtw2Tests */,
			);
		};
/* End PBXProject section */

/* Begin PBXResourcesBuildPhase section */
		18AD932B1AA197DB0003A92F /* Resources */ = {
			isa = PBXResourcesBuildPhase;
			buildActionMask = 2147483647;
			files = (
				18AD933F1AA197DB0003A92F /* Main.storyboard in Resources */,
				18AD93441AA197DB0003A92F /* LaunchScreen.xib in Resources */,
				18AD93411AA197DB0003A92F /* Images.xcassets in Resources */,
			);
			runOnlyForDeploymentPostprocessing = 0;
		};
		18AD93471AA197DB0003A92F /* Resources */ = {
			isa = PBXResourcesBuildPhase;
			buildActionMask = 2147483647;
			files = (
			);
			runOnlyForDeploymentPostprocessing = 0;
		};
/* End PBXResourcesBuildPhase section */

/* Begin PBXSourcesBuildPhase section */
		18AD93291AA197DB0003A92F /* Sources */ = {
			isa = PBXSourcesBuildPhase;
			buildActionMask = 2147483647;
			files = (
				18AD933C1AA197DB0003A92F /* SecondViewController.m in Sources */,
				18AD93361AA197DB0003A92F /* AppDelegate.m in Sources */,
				18AD93391AA197DB0003A92F /* FirstViewController.m in Sources */,
				18AD93331AA197DB0003A92F /* main.m in Sources */,
			);
			runOnlyForDeploymentPostprocessing = 0;
		};
		18AD93451AA197DB0003A92F /* Sources */ = {
			isa = PBXSourcesBuildPhase;
			buildActionMask = 2147483647;
			files = (
				18AD93501AA197DB0003A92F /* TRtw2Tests.m in Sources */,
			);
			runOnlyForDeploymentPostprocessing = 0;
		};
/* End PBXSourcesBuildPhase section */

/* Begin PBXTargetDependency section */
		18AD934B1AA197DB0003A92F /* PBXTargetDependency */ = {
			isa = PBXTargetDependency;
			target = 18AD932C1AA197DB0003A92F /* TRtw2 */;
			targetProxy = 18AD934A1AA197DB0003A92F /* PBXContainerItemProxy */;
		};
/* End PBXTargetDependency section */

/* Begin PBXVariantGroup section */
		18AD933D1AA197DB0003A92F /* Main.storyboard */ = {
			isa = PBXVariantGroup;
			children = (
				18AD933E1AA197DB0003A92F /* Base */,
			);
			name = Main.storyboard;
			sourceTree = "<group>";
		};
		18AD93421AA197DB0003A92F /* LaunchScreen.xib */ = {
			isa = PBXVariantGroup;
			children = (
				18AD93431AA197DB0003A92F /* Base */,
			);
			name = LaunchScreen.xib;
			sourceTree = "<group>";
		};
/* End PBXVariantGroup section */

/* Begin XCBuildConfiguration section */
		18AD93511AA197DB0003A92F /* Debug */ = {
			isa = XCBuildConfiguration;
			buildSettings = {
				ALWAYS_SEARCH_USER_PATHS = NO;
				CLANG_CXX_LANGUAGE_STANDARD = "gnu++0x";
				CLANG_CXX_LIBRARY = "libc++";
				CLANG_ENABLE_MODULES = YES;
				CLANG_ENABLE_OBJC_ARC = YES;
				CLANG_WARN_BOOL_CONVERSION = YES;
				CLANG_WARN_CONSTANT_CONVERSION = YES;
				CLANG_WARN_DIRECT_OBJC_ISA_USAGE = YES_ERROR;
				CLANG_WARN_EMPTY_BODY = YES;
				CLANG_WARN_ENUM_CONVERSION = YES;
				CLANG_WARN_INT_CONVERSION = YES;
				CLANG_WARN_OBJC_ROOT_CLASS = YES_ERROR;
				CLANG_WARN_UNREACHABLE_CODE = YES;
				CLANG_WARN__DUPLICATE_METHOD_MATCH = YES;
				"CODE_SIGN_IDENTITY[sdk=iphoneos*]" = "iPhone Developer";
				COPY_PHASE_STRIP = NO;
				ENABLE_STRICT_OBJC_MSGSEND = YES;
				GCC_C_LANGUAGE_STANDARD = gnu99;
				GCC_DYNAMIC_NO_PIC = NO;
				GCC_OPTIMIZATION_LEVEL = 0;
				GCC_PREPROCESSOR_DEFINITIONS = (
					"DEBUG=1",
					"$(inherited)",
				);
				GCC_SYMBOLS_PRIVATE_EXTERN = NO;
				GCC_WARN_64_TO_32_BIT_CONVERSION = YES;
				GCC_WARN_ABOUT_RETURN_TYPE = YES_ERROR;
				GCC_WARN_UNDECLARED_SELECTOR = YES;
				GCC_WARN_UNINITIALIZED_AUTOS = YES_AGGRESSIVE;
				GCC_WARN_UNUSED_FUNCTION = YES;
				GCC_WARN_UNUSED_VARIABLE = YES;
				IPHONEOS_DEPLOYMENT_TARGET = 8.1;
				MTL_ENABLE_DEBUG_INFO = YES;
				ONLY_ACTIVE_ARCH = YES;
				SDKROOT = iphoneos;
			};
			name = Debug;
		};
		18AD93521AA197DB0003A92F /* Release */ = {
			isa = XCBuildConfiguration;
			buildSettings = {
				ALWAYS_SEARCH_USER_PATHS = NO;
				CLANG_CXX_LANGUAGE_STANDARD = "gnu++0x";
				CLANG_CXX_LIBRARY = "libc++";
				CLANG_ENABLE_MODULES = YES;
				CLANG_ENABLE_OBJC_ARC = YES;
				CLANG_WARN_BOOL_CONVERSION = YES;
				CLANG_WARN_CONSTANT_CONVERSION = YES;
				CLANG_WARN_DIRECT_OBJC_ISA_USAGE = YES_ERROR;
				CLANG_WARN_EMPTY_BODY = YES;
				CLANG_WARN_ENUM_CONVERSION = YES;
				CLANG_WARN_INT_CONVERSION = YES;
				CLANG_WARN_OBJC_ROOT_CLASS = YES_ERROR;
				CLANG_WARN_UNREACHABLE_CODE = YES;
				CLANG_WARN__DUPLICATE_METHOD_MATCH = YES;
				"CODE_SIGN_IDENTITY[sdk=iphoneos*]" = "iPhone Developer";
				COPY_PHASE_STRIP = YES;
				ENABLE_NS_ASSERTIONS = NO;
				ENABLE_STRICT_OBJC_MSGSEND = YES;
				GCC_C_LANGUAGE_STANDARD = gnu99;
				GCC_WARN_64_TO_32_BIT_CONVERSION = YES;
				GCC_WARN_ABOUT_RETURN_TYPE = YES_ERROR;
				GCC_WARN_UNDECLARED_SELECTOR = YES;
				GCC_WARN_UNINITIALIZED_AUTOS = YES_AGGRESSIVE;
				GCC_WARN_UNUSED_FUNCTION = YES;
				GCC_WARN_UNUSED_VARIABLE = YES;
				IPHONEOS_DEPLOYMENT_TARGET = 8.1;
				MTL_ENABLE_DEBUG_INFO = NO;
				SDKROOT = iphoneos;
				VALIDATE_PRODUCT = YES;
			};
			name = Release;
		};
		18AD93541AA197DB0003A92F /* Debug */ = {
			isa = XCBuildConfiguration;
			buildSettings = {
				ASSETCATALOG_COMPILER_APPICON_NAME = AppIcon;
				INFOPLIST_FILE = TRtw2/Info.plist;
				LD_RUNPATH_SEARCH_PATHS = "$(inherited) @executable_path/Frameworks";
				PRODUCT_NAME = "$(TARGET_NAME)";
			};
			name = Debug;
		};
		18AD93551AA197DB0003A92F /* Release */ = {
			isa = XCBuildConfiguration;
			buildSettings = {
				ASSETCATALOG_COMPILER_APPICON_NAME = AppIcon;
				INFOPLIST_FILE = TRtw2/Info.plist;
				LD_RUNPATH_SEARCH_PATHS = "$(inherited) @executable_path/Frameworks";
				PRODUCT_NAME = "$(TARGET_NAME)";
			};
			name = Release;
		};
		18AD93571AA197DB0003A92F /* Debug */ = {
			isa = XCBuildConfiguration;
			buildSettings = {
				BUNDLE_LOADER = "$(TEST_HOST)";
				FRAMEWORK_SEARCH_PATHS = (
					"$(SDKROOT)/Developer/Library/Frameworks",
					"$(inherited)",
				);
				GCC_PREPROCESSOR_DEFINITIONS = (
					"DEBUG=1",
					"$(inherited)",
				);
				INFOPLIST_FILE = TRtw2Tests/Info.plist;
				LD_RUNPATH_SEARCH_PATHS = "$(inherited) @executable_path/Frameworks @loader_path/Frameworks";
				PRODUCT_NAME = "$(TARGET_NAME)";
				TEST_HOST = "$(BUILT_PRODUCTS_DIR)/TRtw2.app/TRtw2";
			};
			name = Debug;
		};
		18AD93581AA197DB0003A92F /* Release */ = {
			isa = XCBuildConfiguration;
			buildSettings = {
				BUNDLE_LOADER = "$(TEST_HOST)";
				FRAMEWORK_SEARCH_PATHS = (
					"$(SDKROOT)/Developer/Library/Frameworks",
					"$(inherited)",
				);
				INFOPLIST_FILE = TRtw2Tests/Info.plist;
				LD_RUNPATH_SEARCH_PATHS = "$(inherited) @executable_path/Frameworks @loader_path/Frameworks";
				PRODUCT_NAME = "$(TARGET_NAME)";
				TEST_HOST = "$(BUILT_PRODUCTS_DIR)/TRtw2.app/TRtw2";
			};
			name = Release;
		};
/* End XCBuildConfiguration section */

/* Begin XCConfigurationList section */
		18AD93281AA197DB0003A92F /* Build configuration list for PBXProject "TRtw2" */ = {
			isa = XCConfigurationList;
			buildConfigurations = (
				18AD93511AA197DB0003A92F /* Debug */,
				18AD93521AA197DB0003A92F /* Release */,
			);
			defaultConfigurationIsVisible = 0;
			defaultConfigurationName = Release;
		};
		18AD93531AA197DB0003A92F /* Build configuration list for PBXNativeTarget "TRtw2" */ = {
			isa = XCConfigurationList;
			buildConfigurations = (
				18AD93541AA197DB0003A92F /* Debug */,
				18AD93551AA197DB0003A92F /* Release */,
			);
			defaultConfigurationIsVisible = 0;
		};
		18AD93561AA197DB0003A92F /* Build configuration list for PBXNativeTarget "TRtw2Tests" */ = {
			isa = XCConfigurationList;
			buildConfigurations = (
				18AD93571AA197DB0003A92F /* Debug */,
				18AD93581AA197DB0003A92F /* Release */,
			);
			defaultConfigurationIsVisible = 0;
		};
/* End XCConfigurationList section */
	};
	rootObject = 18AD93251AA197DB0003A92F /* Project object */;
}
